github.com/google/uuid v1.6.0 h1:NIvaJDMOsjHA8n1jAhLSgzrAzy1Hgr+hNrb57e+94F0=
github.com/google/uuid v1.6.0/go.mod h1:TIyPZe4MgqvfeYDBFedMoGGpEw/LqOeaOT+nhxU+yHo=
github.com/vhalmd/nomi-go-sdk v0.0.3 h1:qfhcg2rzZzjCYL/2Q+YZ7MDICzN8V1s4MYFdSjMdMYc=
github.com/vhalmd/nomi-go-sdk v0.0.3/go.mod h1:IOsukJJ9drbbVZTSQpiNSs32VJKWbhaT8RLeYT+Lk+c=
